
Microsoft Visual Studio Solution File, Format Version 12.00
# Visual Studio 15
VisualStudioVersion = 15.0.28307.1259
MinimumVisualStudioVersion = 10.0.40219.1
Project("{FAE04EC0-301F-11D3-BF4B-00C04F79EFBC}") = "MyCalcu", "MyCalcLib\MyCalcu.csproj", "{7AC69288-00E3-4D07-9847-0646D78ACB78}"
EndProject
Project("{FAE04EC0-301F-11D3-BF4B-00C04F79EFBC}") = "MyCalcLib.Tests", "MyCalcLib.Tests\MyCalcLib.Tests.csproj", "{0024438C-2EC9-471B-869A-FF4B3AD8853C}"
EndProject
Global
	GlobalSection(SolutionConfigurationPlatforms) = preSolution
		Debug|Any CPU = Debug|Any CPU
		Release|Any CPU = Release|Any CPU
	EndGlobalSection
	GlobalSection(ProjectConfigurationPlatforms) = postSolution
		{7AC69288-00E3-4D07-9847-0646D78ACB78}.Debug|Any CPU.ActiveCfg = Debug|Any CPU
		{7AC69288-00E3-4D07-9847-0646D78ACB78}.Debug|Any CPU.Build.0 = Debug|Any CPU
		{7AC69288-00E3-4D07-9847-0646D78ACB78}.Release|Any CPU.ActiveCfg = Release|Any CPU
		{7AC69288-00E3-4D07-9847-0646D78ACB78}.Release|Any CPU.Build.0 = Release|Any CPU
		{0024438C-2EC9-471B-869A-FF4B3AD8853C}.Debug|Any CPU.ActiveCfg = Debug|Any CPU
		{0024438C-2EC9-471B-869A-FF4B3AD8853C}.Debug|Any CPU.Build.0 = Debug|Any CPU
		{0024438C-2EC9-471B-869A-FF4B3AD8853C}.Release|Any CPU.ActiveCfg = Release|Any CPU
		{0024438C-2EC9-471B-869A-FF4B3AD8853C}.Release|Any CPU.Build.0 = Release|Any CPU
	EndGlobalSection
	GlobalSection(SolutionProperties) = preSolution
		HideSolutionNode = FALSE
	EndGlobalSection
	GlobalSection(ExtensibilityGlobals) = postSolution
		SolutionGuid = {4C99AABB-EA0A-4F83-B45F-9FC87B23BA10}
	EndGlobalSection
EndGlobal
